
Microsoft Visual Studio Solution File, Format Version 12.00
# Visual Studio 14
VisualStudioVersion = 14.0.25420.1
MinimumVisualStudioVersion = 10.0.40219.1
Project("{8BC9CEB8-8B4A-11D0-8D11-00A0C91BC942}") = "Physics - Angry Birds", "OpenGL 2D Framework - Josh Savage\OpenGL 2D Framework - Josh Savage.vcxproj", "{05E031E2-1BCC-4EE2-B35E-2CC9D8840D41}"
EndProject
Global
	GlobalSection(SolutionConfigurationPlatforms) = preSolution
		Debug|x64 = Debug|x64
		Debug|x86 = Debug|x86
		Release|x64 = Release|x64
		Release|x86 = Release|x86
	EndGlobalSection
	GlobalSection(ProjectConfigurationPlatforms) = postSolution
		{05E031E2-1BCC-4EE2-B35E-2CC9D8840D41}.Debug|x64.ActiveCfg = Debug|x64
		{05E031E2-1BCC-4EE2-B35E-2CC9D8840D41}.Debug|x64.Build.0 = Debug|x64
		{05E031E2-1BCC-4EE2-B35E-2CC9D8840D41}.Debug|x86.ActiveCfg = Debug|Win32
		{05E031E2-1BCC-4EE2-B35E-2CC9D8840D41}.Debug|x86.Build.0 = Debug|Win32
		{05E031E2-1BCC-4EE2-B35E-2CC9D8840D41}.Release|x64.ActiveCfg = Release|x64
		{05E031E2-1BCC-4EE2-B35E-2CC9D8840D41}.Release|x64.Build.0 = Release|x64
		{05E031E2-1BCC-4EE2-B35E-2CC9D8840D41}.Release|x86.ActiveCfg = Release|Win32
		{05E031E2-1BCC-4EE2-B35E-2CC9D8840D41}.Release|x86.Build.0 = Release|Win32
	EndGlobalSection
	GlobalSection(SolutionProperties) = preSolution
		HideSolutionNode = FALSE
	EndGlobalSection
EndGlobal
