<?xml version="1.0" encoding="utf-8"?>
<Project ToolsVersion="4.0" xmlns="http://schemas.microsoft.com/developer/msbuild/2003">
  <ItemGroup>
    <Filter Include="Source Files">
      <UniqueIdentifier>{4FC737F1-C7A5-4376-A066-2A32D752A2FF}</UniqueIdentifier>
      <Extensions>cpp;c;cc;cxx;def;odl;idl;hpj;bat;asm;asmx</Extensions>
    </Filter>
    <Filter Include="Header Files">
      <UniqueIdentifier>{93995380-89BD-4b04-88EB-625FBE52EBFB}</UniqueIdentifier>
      <Extensions>h;hh;hpp;hxx;hm;inl;inc;xsd</Extensions>
    </Filter>
    <Filter Include="Resource Files">
      <UniqueIdentifier>{67DA6AB6-F800-4c08-8B7A-83BB121AAD01}</UniqueIdentifier>
      <Extensions>rc;ico;cur;bmp;dlg;rc2;rct;bin;rgs;gif;jpg;jpeg;jpe;resx;tiff;tif;png;wav;mfcribbon-ms</Extensions>
    </Filter>
    <Filter Include="Resource Files\Vertex Shaders">
      <UniqueIdentifier>{14cf6e2d-8b4f-4f44-9a8f-3a4482b31d1f}</UniqueIdentifier>
    </Filter>
    <Filter Include="Resource Files\Fragment Shaders">
      <UniqueIdentifier>{1c2fff59-ac1a-4426-8eac-5116d2e20bfe}</UniqueIdentifier>
    </Filter>
    <Filter Include="Source Files\Game Objects">
      <UniqueIdentifier>{922381dd-f0cd-4483-bfca-0944039ad05f}</UniqueIdentifier>
    </Filter>
    <Filter Include="Source Files\Game Structures">
      <UniqueIdentifier>{40074767-655a-4e0c-8c8d-43fa01cc6ffa}</UniqueIdentifier>
    </Filter>
    <Filter Include="Source Files\Utilities">
      <UniqueIdentifier>{3c5f3d91-9b3c-43b0-8a85-b2a5c707e74b}</UniqueIdentifier>
    </Filter>
    <Filter Include="Header Files\Game Objects">
      <UniqueIdentifier>{f198595c-a773-40a2-bed9-b27f2874a33c}</UniqueIdentifier>
    </Filter>
    <Filter Include="Header Files\Game Structure">
      <UniqueIdentifier>{c396931a-58f3-4d0e-8ef2-bca34df6a11c}</UniqueIdentifier>
    </Filter>
    <Filter Include="Header Files\Utilities">
      <UniqueIdentifier>{70d2bd6f-a0f0-4120-a518-d06666237865}</UniqueIdentifier>
    </Filter>
  </ItemGroup>
  <ItemGroup>
    <ClCompile Include="Source.cpp">
      <Filter>Source Files</Filter>
    </ClCompile>
    <ClCompile Include="GameAgent.cpp">
      <Filter>Source Files\Game Objects</Filter>
    </ClCompile>
    <ClCompile Include="Scene.cpp">
      <Filter>Source Files\Game Structures</Filter>
    </ClCompile>
    <ClCompile Include="Game.cpp">
      <Filter>Source Files\Game Structures</Filter>
    </ClCompile>
    <ClCompile Include="Camera.cpp">
      <Filter>Source Files\Game Objects</Filter>
    </ClCompile>
    <ClCompile Include="Model.cpp">
      <Filter>Source Files\Utilities</Filter>
    </ClCompile>
    <ClCompile Include="Texture.cpp">
      <Filter>Source Files\Utilities</Filter>
    </ClCompile>
    <ClCompile Include="ShaderLoader.cpp">
      <Filter>Source Files\Utilities</Filter>
    </ClCompile>
    <ClCompile Include="Util.h">
      <Filter>Header Files\Utilities</Filter>
    </ClCompile>
    <ClCompile Include="Shootable.cpp">
      <Filter>Source Files\Game Objects</Filter>
    </ClCompile>
    <ClCompile Include="Enemy.cpp">
      <Filter>Source Files\Game Objects</Filter>
    </ClCompile>
    <ClCompile Include="Player.cpp">
      <Filter>Source Files\Game Objects</Filter>
    </ClCompile>
    <ClCompile Include="TextLabel.cpp">
      <Filter>Source Files\Utilities</Filter>
    </ClCompile>
  </ItemGroup>
  <ItemGroup>
    <ClInclude Include="Camera.h">
      <Filter>Header Files\Game Objects</Filter>
    </ClInclude>
    <ClInclude Include="GameAgent.h">
      <Filter>Header Files\Game Objects</Filter>
    </ClInclude>
    <ClInclude Include="Game.h">
      <Filter>Header Files\Game Structure</Filter>
    </ClInclude>
    <ClInclude Include="Scene.h">
      <Filter>Header Files\Game Structure</Filter>
    </ClInclude>
    <ClInclude Include="Model.h">
      <Filter>Header Files\Utilities</Filter>
    </ClInclude>
    <ClInclude Include="ShaderLoader.h">
      <Filter>Header Files\Utilities</Filter>
    </ClInclude>
    <ClInclude Include="Texture.h">
      <Filter>Header Files\Utilities</Filter>
    </ClInclude>
    <ClInclude Include="Shapes.h">
      <Filter>Header Files\Utilities</Filter>
    </ClInclude>
    <ClInclude Include="QueryCallback.h">
      <Filter>Header Files\Utilities</Filter>
    </ClInclude>
    <ClInclude Include="Shootable.h">
      <Filter>Header Files\Game Objects</Filter>
    </ClInclude>
    <ClInclude Include="EnemyCollisionHandler.h">
      <Filter>Header Files</Filter>
    </ClInclude>
    <ClInclude Include="Enemy.h">
      <Filter>Header Files\Game Objects</Filter>
    </ClInclude>
    <ClInclude Include="Player.h">
      <Filter>Header Files\Game Objects</Filter>
    </ClInclude>
    <ClInclude Include="TextLabel.h">
      <Filter>Header Files\Utilities</Filter>
    </ClInclude>
  </ItemGroup>
  <ItemGroup>
    <None Include="Shaders\Fragment\BaseFragmentShader.frag">
      <Filter>Resource Files\Fragment Shaders</Filter>
    </None>
    <None Include="Shaders\Vertex\BaseVertexShader.vert">
      <Filter>Resource Files\Vertex Shaders</Filter>
    </None>
    <None Include="Shaders\Fragment\TextureFragmentShader.frag">
      <Filter>Resource Files\Fragment Shaders</Filter>
    </None>
    <None Include="Shaders\Vertex\TextureVertexShader.vert">
      <Filter>Resource Files\Vertex Shaders</Filter>
    </None>
    <None Include="Shaders\Fragment\MultiTextureFragmentShader.frag">
      <Filter>Resource Files\Fragment Shaders</Filter>
    </None>
    <None Include="Shaders\Vertex\Texture&amp;TransformVertexShader.vert">
      <Filter>Resource Files\Vertex Shaders</Filter>
    </None>
    <None Include="Shaders\Vertex\PerspectiveVertexShader.vert">
      <Filter>Resource Files\Vertex Shaders</Filter>
    </None>
    <None Include="Shaders\Vertex\OrthoVertexShader.vert">
      <Filter>Resource Files\Vertex Shaders</Filter>
    </None>
    <None Include="TextVertexShader.vert">
      <Filter>Resource Files\Vertex Shaders</Filter>
    </None>
    <None Include="TextFragmentShader.frag">
      <Filter>Resource Files\Fragment Shaders</Filter>
    </None>
  </ItemGroup>
</Project>